<?xml version="1.0" encoding="utf-8"?>
<Project ToolsVersion="4.0" xmlns="http://schemas.microsoft.com/developer/msbuild/2003">
  <ItemGroup>
    <Filter Include="Source Files">
      <UniqueIdentifier>{4FC737F1-C7A5-4376-A066-2A32D752A2FF}</UniqueIdentifier>
      <Extensions>cpp;c;cc;cxx;c++;def;odl;idl;hpj;bat;asm;asmx</Extensions>
    </Filter>
    <Filter Include="Header Files">
      <UniqueIdentifier>{93995380-89BD-4b04-88EB-625FBE52EBFB}</UniqueIdentifier>
      <Extensions>h;hh;hpp;hxx;h++;hm;inl;inc;ipp;xsd</Extensions>
    </Filter>
    <Filter Include="Resource Files">
      <UniqueIdentifier>{67DA6AB6-F800-4c08-8B7A-83BB121AAD01}</UniqueIdentifier>
      <Extensions>rc;ico;cur;bmp;dlg;rc2;rct;bin;rgs;gif;jpg;jpeg;jpe;resx;tiff;tif;png;wav;mfcribbon-ms</Extensions>
    </Filter>
  </ItemGroup>
  <ItemGroup>
    <ClCompile Include="src\amp.cpp">
      <Filter>Source Files</Filter>
    </ClCompile>
    <ClCompile Include="src\amp_models.cpp">
      <Filter>Source Files</Filter>
    </ClCompile>
    <ClCompile Include="src\delay.cpp">
      <Filter>Source Files</Filter>
    </ClCompile>
    <ClCompile Include="src\delay_models.cpp">
      <Filter>Source Files</Filter>
    </ClCompile>
    <ClCompile Include="src\magic.cpp">
      <Filter>Source Files</Filter>
    </ClCompile>
    <ClCompile Include="src\mod.cpp">
      <Filter>Source Files</Filter>
    </ClCompile>
    <ClCompile Include="src\mod_models.cpp">
      <Filter>Source Files</Filter>
    </ClCompile>
    <ClCompile Include="src\mustang.cpp">
      <Filter>Source Files</Filter>
    </ClCompile>
    <ClCompile Include="src\mustang_midi.cpp">
      <Filter>Source Files</Filter>
    </ClCompile>
    <ClCompile Include="src\reverb.cpp">
      <Filter>Source Files</Filter>
    </ClCompile>
    <ClCompile Include="src\reverb_models.cpp">
      <Filter>Source Files</Filter>
    </ClCompile>
    <ClCompile Include="src\stomp.cpp">
      <Filter>Source Files</Filter>
    </ClCompile>
    <ClCompile Include="src\stomp_models.cpp">
      <Filter>Source Files</Filter>
    </ClCompile>
    <ClCompile Include="lib\rtmidi\RtMidi.cpp">
      <Filter>Source Files</Filter>
    </ClCompile>
  </ItemGroup>
  <ItemGroup>
    <ClInclude Include="src\amp.h">
      <Filter>Source Files</Filter>
    </ClInclude>
    <ClInclude Include="src\amp_defaults.h">
      <Filter>Source Files</Filter>
    </ClInclude>
    <ClInclude Include="src\amp_models.h">
      <Filter>Source Files</Filter>
    </ClInclude>
    <ClInclude Include="src\constants.h">
      <Filter>Source Files</Filter>
    </ClInclude>
    <ClInclude Include="src\delay.h">
      <Filter>Source Files</Filter>
    </ClInclude>
    <ClInclude Include="src\delay_defaults.h">
      <Filter>Source Files</Filter>
    </ClInclude>
    <ClInclude Include="src\delay_models.h">
      <Filter>Source Files</Filter>
    </ClInclude>
    <ClInclude Include="src\magic.h">
      <Filter>Source Files</Filter>
    </ClInclude>
    <ClInclude Include="src\mod.h">
      <Filter>Source Files</Filter>
    </ClInclude>
    <ClInclude Include="src\mod_defaults.h">
      <Filter>Source Files</Filter>
    </ClInclude>
    <ClInclude Include="src\mod_models.h">
      <Filter>Source Files</Filter>
    </ClInclude>
    <ClInclude Include="src\mustang.h">
      <Filter>Source Files</Filter>
    </ClInclude>
    <ClInclude Include="src\reverb.h">
      <Filter>Source Files</Filter>
    </ClInclude>
    <ClInclude Include="src\reverb_defaults.h">
      <Filter>Source Files</Filter>
    </ClInclude>
    <ClInclude Include="src\reverb_models.h">
      <Filter>Source Files</Filter>
    </ClInclude>
    <ClInclude Include="src\stomp.h">
      <Filter>Source Files</Filter>
    </ClInclude>
    <ClInclude Include="src\stomp_defaults.h">
      <Filter>Source Files</Filter>
    </ClInclude>
    <ClInclude Include="src\stomp_models.h">
      <Filter>Source Files</Filter>
    </ClInclude>
    <ClInclude Include="lib\rtmidi\RtMidi.h">
      <Filter>Source Files</Filter>
    </ClInclude>
  </ItemGroup>
</Project>